
Microsoft Visual Studio Solution File, Format Version 12.00
# Visual Studio Version 16
VisualStudioVersion = 16.0.30907.101
MinimumVisualStudioVersion = 10.0.40219.1
Project("{FAE04EC0-301F-11D3-BF4B-00C04F79EFBC}") = "Maslov_Bot_Kursov", "Maslov_Bot_Kursov\Maslov_Bot_Kursov.csproj", "{39B2487D-4F44-478E-9980-8FEBD962B63B}"
EndProject
Global
	GlobalSection(SolutionConfigurationPlatforms) = preSolution
		Debug|Any CPU = Debug|Any CPU
		Release|Any CPU = Release|Any CPU
	EndGlobalSection
	GlobalSection(ProjectConfigurationPlatforms) = postSolution
		{39B2487D-4F44-478E-9980-8FEBD962B63B}.Debug|Any CPU.ActiveCfg = Debug|Any CPU
		{39B2487D-4F44-478E-9980-8FEBD962B63B}.Debug|Any CPU.Build.0 = Debug|Any CPU
		{39B2487D-4F44-478E-9980-8FEBD962B63B}.Release|Any CPU.ActiveCfg = Release|Any CPU
		{39B2487D-4F44-478E-9980-8FEBD962B63B}.Release|Any CPU.Build.0 = Release|Any CPU
	EndGlobalSection
	GlobalSection(SolutionProperties) = preSolution
		HideSolutionNode = FALSE
	EndGlobalSection
	GlobalSection(ExtensibilityGlobals) = postSolution
		SolutionGuid = {99D5080D-BBD0-4BB4-9C74-977731383489}
	EndGlobalSection
EndGlobal
